// !$*UTF8*$!
{
	archiveVersion = 1;
	classes = {
	};
	objectVersion = 55;
	objects = {

/* Begin PBXBuildFile section */
		55A9912E275717D300B26D2D /* PlayerModel.swift in Sources */ = {isa = PBXBuildFile; fileRef = 55A9912D275717D300B26D2D /* PlayerModel.swift */; };
		55A991302757200100B26D2D /* EnviornmentModel.swift in Sources */ = {isa = PBXBuildFile; fileRef = 55A9912F2757200000B26D2D /* EnviornmentModel.swift */; };
		8E49A66C2766BE7600181834 /* YOLO.swift in Sources */ = {isa = PBXBuildFile; fileRef = 8E49A6652766BE7200181834 /* YOLO.swift */; };
		8E49A66D2766BE7600181834 /* Helpers.swift in Sources */ = {isa = PBXBuildFile; fileRef = 8E49A6662766BE7200181834 /* Helpers.swift */; };
		8E49A66E2766BE7600181834 /* YOLOv3.mlmodel in Sources */ = {isa = PBXBuildFile; fileRef = 8E49A6672766BE7300181834 /* YOLOv3.mlmodel */; };
		8E49A66F2766BE7600181834 /* VideoCapture.swift in Sources */ = {isa = PBXBuildFile; fileRef = 8E49A6682766BE7400181834 /* VideoCapture.swift */; };
		8E49A6702766BE7600181834 /* UIImage+CVPixelBuffer.swift in Sources */ = {isa = PBXBuildFile; fileRef = 8E49A6692766BE7500181834 /* UIImage+CVPixelBuffer.swift */; };
		8E49A6712766BE7600181834 /* BoundingBox.swift in Sources */ = {isa = PBXBuildFile; fileRef = 8E49A66A2766BE7600181834 /* BoundingBox.swift */; };
		ABB5C32B2757122D0021C984 /* AppDelegate.swift in Sources */ = {isa = PBXBuildFile; fileRef = ABB5C32A2757122D0021C984 /* AppDelegate.swift */; };
		ABB5C32D2757122D0021C984 /* SceneDelegate.swift in Sources */ = {isa = PBXBuildFile; fileRef = ABB5C32C2757122D0021C984 /* SceneDelegate.swift */; };
		ABB5C3352757122D0021C984 /* Final_project.xcdatamodeld in Sources */ = {isa = PBXBuildFile; fileRef = ABB5C3332757122D0021C984 /* Final_project.xcdatamodeld */; };
		ABB5C3372757122E0021C984 /* Assets.xcassets in Resources */ = {isa = PBXBuildFile; fileRef = ABB5C3362757122E0021C984 /* Assets.xcassets */; };
		ABB5C344275712D70021C984 /* Main.storyboard in Resources */ = {isa = PBXBuildFile; fileRef = ABB5C343275712D70021C984 /* Main.storyboard */; };
		ABB5C346275712DC0021C984 /* LaunchScreen.storyboard in Resources */ = {isa = PBXBuildFile; fileRef = ABB5C345275712DC0021C984 /* LaunchScreen.storyboard */; };
		ABB5C348275712E30021C984 /* VideoAnalgesic.swift in Sources */ = {isa = PBXBuildFile; fileRef = ABB5C347275712E30021C984 /* VideoAnalgesic.swift */; };
		ABB5C34A275712E70021C984 /* HomeViewController.swift in Sources */ = {isa = PBXBuildFile; fileRef = ABB5C349275712E70021C984 /* HomeViewController.swift */; };
		ABB5C34C275712EC0021C984 /* GameReadyViewController.swift in Sources */ = {isa = PBXBuildFile; fileRef = ABB5C34B275712EC0021C984 /* GameReadyViewController.swift */; };
		ABB5C34E275712F00021C984 /* GameViewController.swift in Sources */ = {isa = PBXBuildFile; fileRef = ABB5C34D275712F00021C984 /* GameViewController.swift */; };
		ABB5C350275712F40021C984 /* FinishScreenViewController.swift in Sources */ = {isa = PBXBuildFile; fileRef = ABB5C34F275712F40021C984 /* FinishScreenViewController.swift */; };
		ABB5C352275BCDE70021C984 /* GameModel.swift in Sources */ = {isa = PBXBuildFile; fileRef = ABB5C351275BCDE70021C984 /* GameModel.swift */; };
		ABB5C356275D5CE90021C984 /* CustomTableViewCell.swift in Sources */ = {isa = PBXBuildFile; fileRef = ABB5C355275D5CE90021C984 /* CustomTableViewCell.swift */; };
		ABDB73512763AFDF000C0ACC /* PWHappyChristmas.ttf in Resources */ = {isa = PBXBuildFile; fileRef = ABDB73502763AFDF000C0ACC /* PWHappyChristmas.ttf */; };
		ABDB73532763AFEC000C0ACC /* Christmas Icons.ttf in Resources */ = {isa = PBXBuildFile; fileRef = ABDB73522763AFEC000C0ACC /* Christmas Icons.ttf */; };
		ABDB73592763DAE3000C0ACC /* Snowy Christmas - Personal Use.otf in Resources */ = {isa = PBXBuildFile; fileRef = ABDB73582763DAE3000C0ACC /* Snowy Christmas - Personal Use.otf */; };
		ABDB7363276568AF000C0ACC /* SnowFlakeManager.swift in Sources */ = {isa = PBXBuildFile; fileRef = ABDB7362276568AF000C0ACC /* SnowFlakeManager.swift */; };
/* End PBXBuildFile section */

/* Begin PBXFileReference section */
		55A9912D275717D300B26D2D /* PlayerModel.swift */ = {isa = PBXFileReference; lastKnownFileType = sourcecode.swift; path = PlayerModel.swift; sourceTree = "<group>"; };
		55A9912F2757200000B26D2D /* EnviornmentModel.swift */ = {isa = PBXFileReference; lastKnownFileType = sourcecode.swift; path = EnviornmentModel.swift; sourceTree = "<group>"; };
		8E49A6652766BE7200181834 /* YOLO.swift */ = {isa = PBXFileReference; fileEncoding = 4; lastKnownFileType = sourcecode.swift; path = YOLO.swift; sourceTree = "<group>"; };
		8E49A6662766BE7200181834 /* Helpers.swift */ = {isa = PBXFileReference; fileEncoding = 4; lastKnownFileType = sourcecode.swift; path = Helpers.swift; sourceTree = "<group>"; };
		8E49A6672766BE7300181834 /* YOLOv3.mlmodel */ = {isa = PBXFileReference; lastKnownFileType = file.mlmodel; path = YOLOv3.mlmodel; sourceTree = "<group>"; };
		8E49A6682766BE7400181834 /* VideoCapture.swift */ = {isa = PBXFileReference; fileEncoding = 4; lastKnownFileType = sourcecode.swift; path = VideoCapture.swift; sourceTree = "<group>"; };
		8E49A6692766BE7500181834 /* UIImage+CVPixelBuffer.swift */ = {isa = PBXFileReference; fileEncoding = 4; lastKnownFileType = sourcecode.swift; path = "UIImage+CVPixelBuffer.swift"; sourceTree = "<group>"; };
		8E49A66A2766BE7600181834 /* BoundingBox.swift */ = {isa = PBXFileReference; fileEncoding = 4; lastKnownFileType = sourcecode.swift; path = BoundingBox.swift; sourceTree = "<group>"; };
		8E49A66B2766BE7600181834 /* AppDelegate.swift */ = {isa = PBXFileReference; fileEncoding = 4; lastKnownFileType = sourcecode.swift; name = AppDelegate.swift; path = "../../YOLOv3-CoreML/YOLOv3-CoreML/YOLOv3-CoreML/AppDelegate.swift"; sourceTree = "<group>"; };
		ABB5C3272757122D0021C984 /* $Final_project.app */ = {isa = PBXFileReference; explicitFileType = wrapper.application; includeInIndex = 0; path = $Final_project.app; sourceTree = BUILT_PRODUCTS_DIR; };
		ABB5C32A2757122D0021C984 /* AppDelegate.swift */ = {isa = PBXFileReference; lastKnownFileType = sourcecode.swift; path = AppDelegate.swift; sourceTree = "<group>"; };
		ABB5C32C2757122D0021C984 /* SceneDelegate.swift */ = {isa = PBXFileReference; lastKnownFileType = sourcecode.swift; path = SceneDelegate.swift; sourceTree = "<group>"; };
		ABB5C3342757122D0021C984 /* Final_project.xcdatamodel */ = {isa = PBXFileReference; lastKnownFileType = wrapper.xcdatamodel; path = Final_project.xcdatamodel; sourceTree = "<group>"; };
		ABB5C3362757122E0021C984 /* Assets.xcassets */ = {isa = PBXFileReference; lastKnownFileType = folder.assetcatalog; path = Assets.xcassets; sourceTree = "<group>"; };
		ABB5C33B2757122E0021C984 /* Info.plist */ = {isa = PBXFileReference; lastKnownFileType = text.plist.xml; path = Info.plist; sourceTree = "<group>"; };
		ABB5C343275712D70021C984 /* Main.storyboard */ = {isa = PBXFileReference; fileEncoding = 4; lastKnownFileType = file.storyboard; path = Main.storyboard; sourceTree = "<group>"; };
		ABB5C345275712DC0021C984 /* LaunchScreen.storyboard */ = {isa = PBXFileReference; fileEncoding = 4; lastKnownFileType = file.storyboard; path = LaunchScreen.storyboard; sourceTree = "<group>"; };
		ABB5C347275712E30021C984 /* VideoAnalgesic.swift */ = {isa = PBXFileReference; fileEncoding = 4; lastKnownFileType = sourcecode.swift; path = VideoAnalgesic.swift; sourceTree = "<group>"; };
		ABB5C349275712E70021C984 /* HomeViewController.swift */ = {isa = PBXFileReference; fileEncoding = 4; lastKnownFileType = sourcecode.swift; path = HomeViewController.swift; sourceTree = "<group>"; };
		ABB5C34B275712EC0021C984 /* GameReadyViewController.swift */ = {isa = PBXFileReference; fileEncoding = 4; lastKnownFileType = sourcecode.swift; path = GameReadyViewController.swift; sourceTree = "<group>"; };
		ABB5C34D275712F00021C984 /* GameViewController.swift */ = {isa = PBXFileReference; fileEncoding = 4; lastKnownFileType = sourcecode.swift; path = GameViewController.swift; sourceTree = "<group>"; };
		ABB5C34F275712F40021C984 /* FinishScreenViewController.swift */ = {isa = PBXFileReference; fileEncoding = 4; lastKnownFileType = sourcecode.swift; path = FinishScreenViewController.swift; sourceTree = "<group>"; };
		ABB5C351275BCDE70021C984 /* GameModel.swift */ = {isa = PBXFileReference; lastKnownFileType = sourcecode.swift; path = GameModel.swift; sourceTree = "<group>"; };
		ABB5C355275D5CE90021C984 /* CustomTableViewCell.swift */ = {isa = PBXFileReference; lastKnownFileType = sourcecode.swift; path = CustomTableViewCell.swift; sourceTree = "<group>"; };
		ABDB73502763AFDF000C0ACC /* PWHappyChristmas.ttf */ = {isa = PBXFileReference; lastKnownFileType = file; path = PWHappyChristmas.ttf; sourceTree = "<group>"; };
		ABDB73522763AFEC000C0ACC /* Christmas Icons.ttf */ = {isa = PBXFileReference; lastKnownFileType = file; path = "Christmas Icons.ttf"; sourceTree = "<group>"; };
		ABDB73582763DAE3000C0ACC /* Snowy Christmas - Personal Use.otf */ = {isa = PBXFileReference; lastKnownFileType = file; path = "Snowy Christmas - Personal Use.otf"; sourceTree = "<group>"; };
		ABDB7362276568AF000C0ACC /* SnowFlakeManager.swift */ = {isa = PBXFileReference; lastKnownFileType = sourcecode.swift; path = SnowFlakeManager.swift; sourceTree = "<group>"; };
/* End PBXFileReference section */

/* Begin PBXFrameworksBuildPhase section */
		ABB5C3242757122D0021C984 /* Frameworks */ = {
			isa = PBXFrameworksBuildPhase;
			buildActionMask = 2147483647;
			files = (
			);
			runOnlyForDeploymentPostprocessing = 0;
		};
/* End PBXFrameworksBuildPhase section */

/* Begin PBXGroup section */
		ABB5C31E2757122D0021C984 = {
			isa = PBXGroup;
			children = (
				ABB5C3292757122D0021C984 /* Final_project */,
				ABB5C3282757122D0021C984 /* Products */,
			);
			sourceTree = "<group>";
		};
		ABB5C3282757122D0021C984 /* Products */ = {
			isa = PBXGroup;
			children = (
				ABB5C3272757122D0021C984 /* $Final_project.app */,
			);
			name = Products;
			sourceTree = "<group>";
		};
		ABB5C3292757122D0021C984 /* Final_project */ = {
			isa = PBXGroup;
			children = (
				55A9912F2757200000B26D2D /* EnviornmentModel.swift */,
				55A9912D275717D300B26D2D /* PlayerModel.swift */,
				ABB5C32A2757122D0021C984 /* AppDelegate.swift */,
				ABB5C32C2757122D0021C984 /* SceneDelegate.swift */,
				ABDB73502763AFDF000C0ACC /* PWHappyChristmas.ttf */,
				ABDB73522763AFEC000C0ACC /* Christmas Icons.ttf */,
				ABDB73582763DAE3000C0ACC /* Snowy Christmas - Personal Use.otf */,
				ABB5C3362757122E0021C984 /* Assets.xcassets */,
				ABB5C33B2757122E0021C984 /* Info.plist */,
				ABB5C3332757122D0021C984 /* Final_project.xcdatamodeld */,
				ABB5C343275712D70021C984 /* Main.storyboard */,
				ABB5C345275712DC0021C984 /* LaunchScreen.storyboard */,
				ABB5C347275712E30021C984 /* VideoAnalgesic.swift */,
				ABB5C349275712E70021C984 /* HomeViewController.swift */,
				ABB5C34B275712EC0021C984 /* GameReadyViewController.swift */,
				ABB5C34D275712F00021C984 /* GameViewController.swift */,
				ABB5C34F275712F40021C984 /* FinishScreenViewController.swift */,
				ABB5C351275BCDE70021C984 /* GameModel.swift */,
				ABB5C355275D5CE90021C984 /* CustomTableViewCell.swift */,
				ABDB7362276568AF000C0ACC /* SnowFlakeManager.swift */,
				8E49A66B2766BE7600181834 /* AppDelegate.swift */,
				8E49A66A2766BE7600181834 /* BoundingBox.swift */,
				8E49A6662766BE7200181834 /* Helpers.swift */,
				8E49A6692766BE7500181834 /* UIImage+CVPixelBuffer.swift */,
				8E49A6682766BE7400181834 /* VideoCapture.swift */,
				8E49A6652766BE7200181834 /* YOLO.swift */,
				8E49A6672766BE7300181834 /* YOLOv3.mlmodel */,
			);
			path = Final_project;
			sourceTree = "<group>";
		};
/* End PBXGroup section */

/* Begin PBXNativeTarget section */
		ABB5C3262757122D0021C984 /* Final_project */ = {
			isa = PBXNativeTarget;
			buildConfigurationList = ABB5C33E2757122E0021C984 /* Build configuration list for PBXNativeTarget "Final_project" */;
			buildPhases = (
				ABB5C3232757122D0021C984 /* Sources */,
				ABB5C3242757122D0021C984 /* Frameworks */,
				ABB5C3252757122D0021C984 /* Resources */,
			);
			buildRules = (
			);
			dependencies = (
			);
			name = Final_project;
			productName = Final_project;
			productReference = ABB5C3272757122D0021C984 /* $Final_project.app */;
			productType = "com.apple.product-type.application";
		};
/* End PBXNativeTarget section */

/* Begin PBXProject section */
		ABB5C31F2757122D0021C984 /* Project object */ = {
			isa = PBXProject;
			attributes = {
				BuildIndependentTargetsInParallel = 1;
				LastSwiftUpdateCheck = 1300;
				LastUpgradeCheck = 1300;
				TargetAttributes = {
					ABB5C3262757122D0021C984 = {
						CreatedOnToolsVersion = 13.0;
					};
				};
			};
			buildConfigurationList = ABB5C3222757122D0021C984 /* Build configuration list for PBXProject "Final_project" */;
			compatibilityVersion = "Xcode 13.0";
			developmentRegion = en;
			hasScannedForEncodings = 0;
			knownRegions = (
				en,
				Base,
			);
			mainGroup = ABB5C31E2757122D0021C984;
			productRefGroup = ABB5C3282757122D0021C984 /* Products */;
			projectDirPath = "";
			projectRoot = "";
			targets = (
				ABB5C3262757122D0021C984 /* Final_project */,
			);
		};
/* End PBXProject section */

/* Begin PBXResourcesBuildPhase section */
		ABB5C3252757122D0021C984 /* Resources */ = {
			isa = PBXResourcesBuildPhase;
			buildActionMask = 2147483647;
			files = (
				ABB5C346275712DC0021C984 /* LaunchScreen.storyboard in Resources */,
				ABDB73592763DAE3000C0ACC /* Snowy Christmas - Personal Use.otf in Resources */,
				ABB5C3372757122E0021C984 /* Assets.xcassets in Resources */,
				ABB5C344275712D70021C984 /* Main.storyboard in Resources */,
				ABDB73512763AFDF000C0ACC /* PWHappyChristmas.ttf in Resources */,
				ABDB73532763AFEC000C0ACC /* Christmas Icons.ttf in Resources */,
			);
			runOnlyForDeploymentPostprocessing = 0;
		};
/* End PBXResourcesBuildPhase section */

/* Begin PBXSourcesBuildPhase section */
		ABB5C3232757122D0021C984 /* Sources */ = {
			isa = PBXSourcesBuildPhase;
			buildActionMask = 2147483647;
			files = (
				55A991302757200100B26D2D /* EnviornmentModel.swift in Sources */,
				ABDB7363276568AF000C0ACC /* SnowFlakeManager.swift in Sources */,
				8E49A66E2766BE7600181834 /* YOLOv3.mlmodel in Sources */,
				55A9912E275717D300B26D2D /* PlayerModel.swift in Sources */,
				8E49A6712766BE7600181834 /* BoundingBox.swift in Sources */,
				ABB5C32B2757122D0021C984 /* AppDelegate.swift in Sources */,
				ABB5C350275712F40021C984 /* FinishScreenViewController.swift in Sources */,
				ABB5C352275BCDE70021C984 /* GameModel.swift in Sources */,
				8E49A6702766BE7600181834 /* UIImage+CVPixelBuffer.swift in Sources */,
				ABB5C34C275712EC0021C984 /* GameReadyViewController.swift in Sources */,
				ABB5C3352757122D0021C984 /* Final_project.xcdatamodeld in Sources */,
				ABB5C34E275712F00021C984 /* GameViewController.swift in Sources */,
				ABB5C348275712E30021C984 /* VideoAnalgesic.swift in Sources */,
				ABB5C32D2757122D0021C984 /* SceneDelegate.swift in Sources */,
				8E49A66F2766BE7600181834 /* VideoCapture.swift in Sources */,
				ABB5C34A275712E70021C984 /* HomeViewController.swift in Sources */,
				8E49A66C2766BE7600181834 /* YOLO.swift in Sources */,
				8E49A66D2766BE7600181834 /* Helpers.swift in Sources */,
				ABB5C356275D5CE90021C984 /* CustomTableViewCell.swift in Sources */,
			);
			runOnlyForDeploymentPostprocessing = 0;
		};
/* End PBXSourcesBuildPhase section */

/* Begin XCBuildConfiguration section */
		ABB5C33C2757122E0021C984 /* Debug */ = {
			isa = XCBuildConfiguration;
			buildSettings = {
				ALWAYS_SEARCH_USER_PATHS = NO;
				CLANG_ANALYZER_NONNULL = YES;
				CLANG_ANALYZER_NUMBER_OBJECT_CONVERSION = YES_AGGRESSIVE;
				CLANG_CXX_LANGUAGE_STANDARD = "gnu++17";
				CLANG_CXX_LIBRARY = "libc++";
				CLANG_ENABLE_MODULES = YES;
				CLANG_ENABLE_OBJC_ARC = YES;
				CLANG_ENABLE_OBJC_WEAK = YES;
				CLANG_WARN_BLOCK_CAPTURE_AUTORELEASING = YES;
				CLANG_WARN_BOOL_CONVERSION = YES;
				CLANG_WARN_COMMA = YES;
				CLANG_WARN_CONSTANT_CONVERSION = YES;
				CLANG_WARN_DEPRECATED_OBJC_IMPLEMENTATIONS = YES;
				CLANG_WARN_DIRECT_OBJC_ISA_USAGE = YES_ERROR;
				CLANG_WARN_DOCUMENTATION_COMMENTS = YES;
				CLANG_WARN_EMPTY_BODY = YES;
				CLANG_WARN_ENUM_CONVERSION = YES;
				CLANG_WARN_INFINITE_RECURSION = YES;
				CLANG_WARN_INT_CONVERSION = YES;
				CLANG_WARN_NON_LITERAL_NULL_CONVERSION = YES;
				CLANG_WARN_OBJC_IMPLICIT_RETAIN_SELF = YES;
				CLANG_WARN_OBJC_LITERAL_CONVERSION = YES;
				CLANG_WARN_OBJC_ROOT_CLASS = YES_ERROR;
				CLANG_WARN_QUOTED_INCLUDE_IN_FRAMEWORK_HEADER = YES;
				CLANG_WARN_RANGE_LOOP_ANALYSIS = YES;
				CLANG_WARN_STRICT_PROTOTYPES = YES;
				CLANG_WARN_SUSPICIOUS_MOVE = YES;
				CLANG_WARN_UNGUARDED_AVAILABILITY = YES_AGGRESSIVE;
				CLANG_WARN_UNREACHABLE_CODE = YES;
				CLANG_WARN__DUPLICATE_METHOD_MATCH = YES;
				COPY_PHASE_STRIP = NO;
				DEBUG_INFORMATION_FORMAT = dwarf;
				ENABLE_STRICT_OBJC_MSGSEND = YES;
				ENABLE_TESTABILITY = YES;
				GCC_C_LANGUAGE_STANDARD = gnu11;
				GCC_DYNAMIC_NO_PIC = NO;
				GCC_NO_COMMON_BLOCKS = YES;
				GCC_OPTIMIZATION_LEVEL = 0;
				GCC_PREPROCESSOR_DEFINITIONS = (
					"DEBUG=1",
					"$(inherited)",
				);
				GCC_WARN_64_TO_32_BIT_CONVERSION = YES;
				GCC_WARN_ABOUT_RETURN_TYPE = YES_ERROR;
				GCC_WARN_UNDECLARED_SELECTOR = YES;
				GCC_WARN_UNINITIALIZED_AUTOS = YES_AGGRESSIVE;
				GCC_WARN_UNUSED_FUNCTION = YES;
				GCC_WARN_UNUSED_VARIABLE = YES;
				IPHONEOS_DEPLOYMENT_TARGET = 15.0;
				MTL_ENABLE_DEBUG_INFO = INCLUDE_SOURCE;
				MTL_FAST_MATH = YES;
				ONLY_ACTIVE_ARCH = YES;
				SDKROOT = iphoneos;
				SWIFT_ACTIVE_COMPILATION_CONDITIONS = DEBUG;
				SWIFT_OPTIMIZATION_LEVEL = "-Onone";
			};
			name = Debug;
		};
		ABB5C33D2757122E0021C984 /* Release */ = {
			isa = XCBuildConfiguration;
			buildSettings = {
				ALWAYS_SEARCH_USER_PATHS = NO;
				CLANG_ANALYZER_NONNULL = YES;
				CLANG_ANALYZER_NUMBER_OBJECT_CONVERSION = YES_AGGRESSIVE;
				CLANG_CXX_LANGUAGE_STANDARD = "gnu++17";
				CLANG_CXX_LIBRARY = "libc++";
				CLANG_ENABLE_MODULES = YES;
				CLANG_ENABLE_OBJC_ARC = YES;
				CLANG_ENABLE_OBJC_WEAK = YES;
				CLANG_WARN_BLOCK_CAPTURE_AUTORELEASING = YES;
				CLANG_WARN_BOOL_CONVERSION = YES;
				CLANG_WARN_COMMA = YES;
				CLANG_WARN_CONSTANT_CONVERSION = YES;
				CLANG_WARN_DEPRECATED_OBJC_IMPLEMENTATIONS = YES;
				CLANG_WARN_DIRECT_OBJC_ISA_USAGE = YES_ERROR;
				CLANG_WARN_DOCUMENTATION_COMMENTS = YES;
				CLANG_WARN_EMPTY_BODY = YES;
				CLANG_WARN_ENUM_CONVERSION = YES;
				CLANG_WARN_INFINITE_RECURSION = YES;
				CLANG_WARN_INT_CONVERSION = YES;
				CLANG_WARN_NON_LITERAL_NULL_CONVERSION = YES;
				CLANG_WARN_OBJC_IMPLICIT_RETAIN_SELF = YES;
				CLANG_WARN_OBJC_LITERAL_CONVERSION = YES;
				CLANG_WARN_OBJC_ROOT_CLASS = YES_ERROR;
				CLANG_WARN_QUOTED_INCLUDE_IN_FRAMEWORK_HEADER = YES;
				CLANG_WARN_RANGE_LOOP_ANALYSIS = YES;
				CLANG_WARN_STRICT_PROTOTYPES = YES;
				CLANG_WARN_SUSPICIOUS_MOVE = YES;
				CLANG_WARN_UNGUARDED_AVAILABILITY = YES_AGGRESSIVE;
				CLANG_WARN_UNREACHABLE_CODE = YES;
				CLANG_WARN__DUPLICATE_METHOD_MATCH = YES;
				COPY_PHASE_STRIP = NO;
				DEBUG_INFORMATION_FORMAT = "dwarf-with-dsym";
				ENABLE_NS_ASSERTIONS = NO;
				ENABLE_STRICT_OBJC_MSGSEND = YES;
				GCC_C_LANGUAGE_STANDARD = gnu11;
				GCC_NO_COMMON_BLOCKS = YES;
				GCC_WARN_64_TO_32_BIT_CONVERSION = YES;
				GCC_WARN_ABOUT_RETURN_TYPE = YES_ERROR;
				GCC_WARN_UNDECLARED_SELECTOR = YES;
				GCC_WARN_UNINITIALIZED_AUTOS = YES_AGGRESSIVE;
				GCC_WARN_UNUSED_FUNCTION = YES;
				GCC_WARN_UNUSED_VARIABLE = YES;
				IPHONEOS_DEPLOYMENT_TARGET = 15.0;
				MTL_ENABLE_DEBUG_INFO = NO;
				MTL_FAST_MATH = YES;
				SDKROOT = iphoneos;
				SWIFT_COMPILATION_MODE = wholemodule;
				SWIFT_OPTIMIZATION_LEVEL = "-O";
				VALIDATE_PRODUCT = YES;
			};
			name = Release;
		};
		ABB5C33F2757122E0021C984 /* Debug */ = {
			isa = XCBuildConfiguration;
			buildSettings = {
				ASSETCATALOG_COMPILER_APPICON_NAME = AppIcon;
				ASSETCATALOG_COMPILER_GLOBAL_ACCENT_COLOR_NAME = AccentColor;
				CODE_SIGN_STYLE = Automatic;
				CURRENT_PROJECT_VERSION = 1;
				DEVELOPMENT_TEAM = F69WJ27LN4;
				GENERATE_INFOPLIST_FILE = YES;
				INFOPLIST_FILE = Final_project/Info.plist;
				INFOPLIST_KEY_UIApplicationSupportsIndirectInputEvents = YES;
				INFOPLIST_KEY_UILaunchStoryboardName = LaunchScreen;
				INFOPLIST_KEY_UIMainStoryboardFile = Main;
				INFOPLIST_KEY_UISupportedInterfaceOrientations_iPad = "UIInterfaceOrientationPortrait UIInterfaceOrientationPortraitUpsideDown UIInterfaceOrientationLandscapeLeft UIInterfaceOrientationLandscapeRight";
				INFOPLIST_KEY_UISupportedInterfaceOrientations_iPhone = "UIInterfaceOrientationPortrait UIInterfaceOrientationLandscapeLeft UIInterfaceOrientationLandscapeRight";
				LD_RUNPATH_SEARCH_PATHS = (
					"$(inherited)",
					"@executable_path/Frameworks",
				);
				MARKETING_VERSION = 1.0;
				PRODUCT_BUNDLE_IDENTIFIER = "CS5323.Final-project";
				PRODUCT_NAME = $Final_project;
				SWIFT_EMIT_LOC_STRINGS = YES;
				SWIFT_VERSION = 5.0;
				TARGETED_DEVICE_FAMILY = "1,2";
			};
			name = Debug;
		};
		ABB5C3402757122E0021C984 /* Release */ = {
			isa = XCBuildConfiguration;
			buildSettings = {
				ASSETCATALOG_COMPILER_APPICON_NAME = AppIcon;
				ASSETCATALOG_COMPILER_GLOBAL_ACCENT_COLOR_NAME = AccentColor;
				CODE_SIGN_STYLE = Automatic;
				CURRENT_PROJECT_VERSION = 1;
				DEVELOPMENT_TEAM = F69WJ27LN4;
				GENERATE_INFOPLIST_FILE = YES;
				INFOPLIST_FILE = Final_project/Info.plist;
				INFOPLIST_KEY_UIApplicationSupportsIndirectInputEvents = YES;
				INFOPLIST_KEY_UILaunchStoryboardName = LaunchScreen;
				INFOPLIST_KEY_UIMainStoryboardFile = Main;
				INFOPLIST_KEY_UISupportedInterfaceOrientations_iPad = "UIInterfaceOrientationPortrait UIInterfaceOrientationPortraitUpsideDown UIInterfaceOrientationLandscapeLeft UIInterfaceOrientationLandscapeRight";
				INFOPLIST_KEY_UISupportedInterfaceOrientations_iPhone = "UIInterfaceOrientationPortrait UIInterfaceOrientationLandscapeLeft UIInterfaceOrientationLandscapeRight";
				LD_RUNPATH_SEARCH_PATHS = (
					"$(inherited)",
					"@executable_path/Frameworks",
				);
				MARKETING_VERSION = 1.0;
				PRODUCT_BUNDLE_IDENTIFIER = "CS5323.Final-project";
				PRODUCT_NAME = $Final_project;
				SWIFT_EMIT_LOC_STRINGS = YES;
				SWIFT_VERSION = 5.0;
				TARGETED_DEVICE_FAMILY = "1,2";
			};
			name = Release;
		};
/* End XCBuildConfiguration section */

/* Begin XCConfigurationList section */
		ABB5C3222757122D0021C984 /* Build configuration list for PBXProject "Final_project" */ = {
			isa = XCConfigurationList;
			buildConfigurations = (
				ABB5C33C2757122E0021C984 /* Debug */,
				ABB5C33D2757122E0021C984 /* Release */,
			);
			defaultConfigurationIsVisible = 0;
			defaultConfigurationName = Release;
		};
		ABB5C33E2757122E0021C984 /* Build configuration list for PBXNativeTarget "Final_project" */ = {
			isa = XCConfigurationList;
			buildConfigurations = (
				ABB5C33F2757122E0021C984 /* Debug */,
				ABB5C3402757122E0021C984 /* Release */,
			);
			defaultConfigurationIsVisible = 0;
			defaultConfigurationName = Release;
		};
/* End XCConfigurationList section */

/* Begin XCVersionGroup section */
		ABB5C3332757122D0021C984 /* Final_project.xcdatamodeld */ = {
			isa = XCVersionGroup;
			children = (
				ABB5C3342757122D0021C984 /* Final_project.xcdatamodel */,
			);
			currentVersion = ABB5C3342757122D0021C984 /* Final_project.xcdatamodel */;
			path = Final_project.xcdatamodeld;
			sourceTree = "<group>";
			versionGroupType = wrapper.xcdatamodel;
		};
/* End XCVersionGroup section */
	};
	rootObject = ABB5C31F2757122D0021C984 /* Project object */;
}
